
Microsoft Visual Studio Solution File, Format Version 12.00
# Visual Studio Version 17
VisualStudioVersion = 17.9.34616.47
MinimumVisualStudioVersion = 10.0.40219.1
Project("{FAE04EC0-301F-11D3-BF4B-00C04F79EFBC}") = "Caro", "Caro.csproj", "{CC935002-16C6-42EA-BE80-8D364FD3DECB}"
EndProject
Global
	GlobalSection(SolutionConfigurationPlatforms) = preSolution
		Debug|Any CPU = Debug|Any CPU
		Release|Any CPU = Release|Any CPU
	EndGlobalSection
	GlobalSection(ProjectConfigurationPlatforms) = postSolution
		{CC935002-16C6-42EA-BE80-8D364FD3DECB}.Debug|Any CPU.ActiveCfg = Debug|Any CPU
		{CC935002-16C6-42EA-BE80-8D364FD3DECB}.Debug|Any CPU.Build.0 = Debug|Any CPU
		{CC935002-16C6-42EA-BE80-8D364FD3DECB}.Release|Any CPU.ActiveCfg = Release|Any CPU
		{CC935002-16C6-42EA-BE80-8D364FD3DECB}.Release|Any CPU.Build.0 = Release|Any CPU
	EndGlobalSection
	GlobalSection(SolutionProperties) = preSolution
		HideSolutionNode = FALSE
	EndGlobalSection
	GlobalSection(ExtensibilityGlobals) = postSolution
		SolutionGuid = {E6E1CF43-469F-467D-83E5-818268A7AAE6}
	EndGlobalSection
EndGlobal
